// !$*UTF8*$!
{
	archiveVersion = 1;
	classes = {
	};
	objectVersion = 50;
	objects = {

/* Begin PBXBuildFile section */
		616A1C1225E031630062BB89 /* SettingsView.swift in Sources */ = {isa = PBXBuildFile; fileRef = 616A1C1125E031630062BB89 /* SettingsView.swift */; };
		8421F10125E022ED00B12D0B /* TendrApp.swift in Sources */ = {isa = PBXBuildFile; fileRef = 8421F0EE25E022EA00B12D0B /* TendrApp.swift */; };
		8421F10225E022ED00B12D0B /* TendrApp.swift in Sources */ = {isa = PBXBuildFile; fileRef = 8421F0EE25E022EA00B12D0B /* TendrApp.swift */; };
		8421F10325E022ED00B12D0B /* ContentView.swift in Sources */ = {isa = PBXBuildFile; fileRef = 8421F0EF25E022EA00B12D0B /* ContentView.swift */; };
		8421F10425E022ED00B12D0B /* ContentView.swift in Sources */ = {isa = PBXBuildFile; fileRef = 8421F0EF25E022EA00B12D0B /* ContentView.swift */; };
		8421F10525E022ED00B12D0B /* Assets.xcassets in Resources */ = {isa = PBXBuildFile; fileRef = 8421F0F025E022ED00B12D0B /* Assets.xcassets */; };
		8421F10625E022ED00B12D0B /* Assets.xcassets in Resources */ = {isa = PBXBuildFile; fileRef = 8421F0F025E022ED00B12D0B /* Assets.xcassets */; };
		8421F11625E02BF400B12D0B /* AuthManager.swift in Sources */ = {isa = PBXBuildFile; fileRef = 8421F11525E02BF400B12D0B /* AuthManager.swift */; };
		8421F11D25E02E4100B12D0B /* AppStorageConstants.swift in Sources */ = {isa = PBXBuildFile; fileRef = 8421F11C25E02E4100B12D0B /* AppStorageConstants.swift */; };
		8421F12425E0311200B12D0B /* AuthManager.swift in Sources */ = {isa = PBXBuildFile; fileRef = 8421F11525E02BF400B12D0B /* AuthManager.swift */; };
		8421F12725E0322700B12D0B /* AppStorageConstants.swift in Sources */ = {isa = PBXBuildFile; fileRef = 8421F11C25E02E4100B12D0B /* AppStorageConstants.swift */; };
/* End PBXBuildFile section */

/* Begin PBXFileReference section */
		616A1C1125E031630062BB89 /* SettingsView.swift */ = {isa = PBXFileReference; lastKnownFileType = sourcecode.swift; path = SettingsView.swift; sourceTree = "<group>"; };
		8421F0EE25E022EA00B12D0B /* TendrApp.swift */ = {isa = PBXFileReference; lastKnownFileType = sourcecode.swift; path = TendrApp.swift; sourceTree = "<group>"; };
		8421F0EF25E022EA00B12D0B /* ContentView.swift */ = {isa = PBXFileReference; lastKnownFileType = sourcecode.swift; path = ContentView.swift; sourceTree = "<group>"; };
		8421F0F025E022ED00B12D0B /* Assets.xcassets */ = {isa = PBXFileReference; lastKnownFileType = folder.assetcatalog; path = Assets.xcassets; sourceTree = "<group>"; };
		8421F0F525E022ED00B12D0B /* Tendr.app */ = {isa = PBXFileReference; explicitFileType = wrapper.application; includeInIndex = 0; path = Tendr.app; sourceTree = BUILT_PRODUCTS_DIR; };
		8421F0F825E022ED00B12D0B /* Info.plist */ = {isa = PBXFileReference; lastKnownFileType = text.plist.xml; path = Info.plist; sourceTree = "<group>"; };
		8421F0FD25E022ED00B12D0B /* Tendr.app */ = {isa = PBXFileReference; explicitFileType = wrapper.application; includeInIndex = 0; path = Tendr.app; sourceTree = BUILT_PRODUCTS_DIR; };
		8421F0FF25E022ED00B12D0B /* Info.plist */ = {isa = PBXFileReference; lastKnownFileType = text.plist.xml; path = Info.plist; sourceTree = "<group>"; };
		8421F10025E022ED00B12D0B /* macOS.entitlements */ = {isa = PBXFileReference; lastKnownFileType = text.plist.entitlements; path = macOS.entitlements; sourceTree = "<group>"; };
		8421F11525E02BF400B12D0B /* AuthManager.swift */ = {isa = PBXFileReference; lastKnownFileType = sourcecode.swift; path = AuthManager.swift; sourceTree = "<group>"; };
		8421F11C25E02E4100B12D0B /* AppStorageConstants.swift */ = {isa = PBXFileReference; lastKnownFileType = sourcecode.swift; path = AppStorageConstants.swift; sourceTree = "<group>"; };
/* End PBXFileReference section */

/* Begin PBXFrameworksBuildPhase section */
		8421F0F225E022ED00B12D0B /* Frameworks */ = {
			isa = PBXFrameworksBuildPhase;
			buildActionMask = 2147483647;
			files = (
			);
			runOnlyForDeploymentPostprocessing = 0;
		};
		8421F0FA25E022ED00B12D0B /* Frameworks */ = {
			isa = PBXFrameworksBuildPhase;
			buildActionMask = 2147483647;
			files = (
			);
			runOnlyForDeploymentPostprocessing = 0;
		};
/* End PBXFrameworksBuildPhase section */

/* Begin PBXGroup section */
		616A1C1025E031580062BB89 /* Settings */ = {
			isa = PBXGroup;
			children = (
				616A1C1125E031630062BB89 /* SettingsView.swift */,
			);
			path = Settings;
			sourceTree = "<group>";
		};
		8421F0E825E022EA00B12D0B = {
			isa = PBXGroup;
			children = (
				8421F0ED25E022EA00B12D0B /* Shared */,
				8421F0F725E022ED00B12D0B /* iOS */,
				8421F0FE25E022ED00B12D0B /* macOS */,
				8421F0F625E022ED00B12D0B /* Products */,
			);
			sourceTree = "<group>";
		};
		8421F0ED25E022EA00B12D0B /* Shared */ = {
			isa = PBXGroup;
			children = (
				616A1C1025E031580062BB89 /* Settings */,
				8421F11425E02BE400B12D0B /* Authentication */,
				8421F11325E02BDA00B12D0B /* Networking */,
				8421F0EE25E022EA00B12D0B /* TendrApp.swift */,
				8421F0EF25E022EA00B12D0B /* ContentView.swift */,
				8421F0F025E022ED00B12D0B /* Assets.xcassets */,
			);
			path = Shared;
			sourceTree = "<group>";
		};
		8421F0F625E022ED00B12D0B /* Products */ = {
			isa = PBXGroup;
			children = (
				8421F0F525E022ED00B12D0B /* Tendr.app */,
				8421F0FD25E022ED00B12D0B /* Tendr.app */,
			);
			name = Products;
			sourceTree = "<group>";
		};
		8421F0F725E022ED00B12D0B /* iOS */ = {
			isa = PBXGroup;
			children = (
				8421F0F825E022ED00B12D0B /* Info.plist */,
			);
			path = iOS;
			sourceTree = "<group>";
		};
		8421F0FE25E022ED00B12D0B /* macOS */ = {
			isa = PBXGroup;
			children = (
				8421F0FF25E022ED00B12D0B /* Info.plist */,
				8421F10025E022ED00B12D0B /* macOS.entitlements */,
			);
			path = macOS;
			sourceTree = "<group>";
		};
		8421F11325E02BDA00B12D0B /* Networking */ = {
			isa = PBXGroup;
			children = (
			);
			path = Networking;
			sourceTree = "<group>";
		};
		8421F11425E02BE400B12D0B /* Authentication */ = {
			isa = PBXGroup;
			children = (
				8421F11525E02BF400B12D0B /* AuthManager.swift */,
				8421F11C25E02E4100B12D0B /* AppStorageConstants.swift */,
			);
			path = Authentication;
			sourceTree = "<group>";
		};
/* End PBXGroup section */

/* Begin PBXNativeTarget section */
		8421F0F425E022ED00B12D0B /* Tendr (iOS) */ = {
			isa = PBXNativeTarget;
			buildConfigurationList = 8421F10925E022ED00B12D0B /* Build configuration list for PBXNativeTarget "Tendr (iOS)" */;
			buildPhases = (
				8421F0F125E022ED00B12D0B /* Sources */,
				8421F0F225E022ED00B12D0B /* Frameworks */,
				8421F0F325E022ED00B12D0B /* Resources */,
			);
			buildRules = (
			);
			dependencies = (
			);
			name = "Tendr (iOS)";
			productName = "Tendr (iOS)";
			productReference = 8421F0F525E022ED00B12D0B /* Tendr.app */;
			productType = "com.apple.product-type.application";
		};
		8421F0FC25E022ED00B12D0B /* Tendr (macOS) */ = {
			isa = PBXNativeTarget;
			buildConfigurationList = 8421F10C25E022ED00B12D0B /* Build configuration list for PBXNativeTarget "Tendr (macOS)" */;
			buildPhases = (
				8421F0F925E022ED00B12D0B /* Sources */,
				8421F0FA25E022ED00B12D0B /* Frameworks */,
				8421F0FB25E022ED00B12D0B /* Resources */,
			);
			buildRules = (
			);
			dependencies = (
			);
			name = "Tendr (macOS)";
			productName = "Tendr (macOS)";
			productReference = 8421F0FD25E022ED00B12D0B /* Tendr.app */;
			productType = "com.apple.product-type.application";
		};
/* End PBXNativeTarget section */

/* Begin PBXProject section */
		8421F0E925E022EA00B12D0B /* Project object */ = {
			isa = PBXProject;
			attributes = {
				LastSwiftUpdateCheck = 1240;
				LastUpgradeCheck = 1240;
				TargetAttributes = {
					8421F0F425E022ED00B12D0B = {
						CreatedOnToolsVersion = 12.4;
					};
					8421F0FC25E022ED00B12D0B = {
						CreatedOnToolsVersion = 12.4;
					};
				};
			};
			buildConfigurationList = 8421F0EC25E022EA00B12D0B /* Build configuration list for PBXProject "Tendr" */;
			compatibilityVersion = "Xcode 9.3";
			developmentRegion = en;
			hasScannedForEncodings = 0;
			knownRegions = (
				en,
				Base,
			);
			mainGroup = 8421F0E825E022EA00B12D0B;
			productRefGroup = 8421F0F625E022ED00B12D0B /* Products */;
			projectDirPath = "";
			projectRoot = "";
			targets = (
				8421F0F425E022ED00B12D0B /* Tendr (iOS) */,
				8421F0FC25E022ED00B12D0B /* Tendr (macOS) */,
			);
		};
/* End PBXProject section */

/* Begin PBXResourcesBuildPhase section */
		8421F0F325E022ED00B12D0B /* Resources */ = {
			isa = PBXResourcesBuildPhase;
			buildActionMask = 2147483647;
			files = (
				8421F10525E022ED00B12D0B /* Assets.xcassets in Resources */,
			);
			runOnlyForDeploymentPostprocessing = 0;
		};
		8421F0FB25E022ED00B12D0B /* Resources */ = {
			isa = PBXResourcesBuildPhase;
			buildActionMask = 2147483647;
			files = (
				8421F10625E022ED00B12D0B /* Assets.xcassets in Resources */,
			);
			runOnlyForDeploymentPostprocessing = 0;
		};
/* End PBXResourcesBuildPhase section */

/* Begin PBXSourcesBuildPhase section */
		8421F0F125E022ED00B12D0B /* Sources */ = {
			isa = PBXSourcesBuildPhase;
			buildActionMask = 2147483647;
			files = (
				616A1C1225E031630062BB89 /* SettingsView.swift in Sources */,
				8421F11625E02BF400B12D0B /* AuthManager.swift in Sources */,
				8421F10325E022ED00B12D0B /* ContentView.swift in Sources */,
				8421F10125E022ED00B12D0B /* TendrApp.swift in Sources */,
				8421F11D25E02E4100B12D0B /* AppStorageConstants.swift in Sources */,
			);
			runOnlyForDeploymentPostprocessing = 0;
		};
		8421F0F925E022ED00B12D0B /* Sources */ = {
			isa = PBXSourcesBuildPhase;
			buildActionMask = 2147483647;
			files = (
				8421F10425E022ED00B12D0B /* ContentView.swift in Sources */,
				8421F12425E0311200B12D0B /* AuthManager.swift in Sources */,
				8421F10225E022ED00B12D0B /* TendrApp.swift in Sources */,
				8421F12725E0322700B12D0B /* AppStorageConstants.swift in Sources */,
			);
			runOnlyForDeploymentPostprocessing = 0;
		};
/* End PBXSourcesBuildPhase section */

/* Begin XCBuildConfiguration section */
		8421F10725E022ED00B12D0B /* Debug */ = {
			isa = XCBuildConfiguration;
			buildSettings = {
				ALWAYS_SEARCH_USER_PATHS = NO;
				CLANG_ANALYZER_NONNULL = YES;
				CLANG_ANALYZER_NUMBER_OBJECT_CONVERSION = YES_AGGRESSIVE;
				CLANG_CXX_LANGUAGE_STANDARD = "gnu++14";
				CLANG_CXX_LIBRARY = "libc++";
				CLANG_ENABLE_MODULES = YES;
				CLANG_ENABLE_OBJC_ARC = YES;
				CLANG_ENABLE_OBJC_WEAK = YES;
				CLANG_WARN_BLOCK_CAPTURE_AUTORELEASING = YES;
				CLANG_WARN_BOOL_CONVERSION = YES;
				CLANG_WARN_COMMA = YES;
				CLANG_WARN_CONSTANT_CONVERSION = YES;
				CLANG_WARN_DEPRECATED_OBJC_IMPLEMENTATIONS = YES;
				CLANG_WARN_DIRECT_OBJC_ISA_USAGE = YES_ERROR;
				CLANG_WARN_DOCUMENTATION_COMMENTS = YES;
				CLANG_WARN_EMPTY_BODY = YES;
				CLANG_WARN_ENUM_CONVERSION = YES;
				CLANG_WARN_INFINITE_RECURSION = YES;
				CLANG_WARN_INT_CONVERSION = YES;
				CLANG_WARN_NON_LITERAL_NULL_CONVERSION = YES;
				CLANG_WARN_OBJC_IMPLICIT_RETAIN_SELF = YES;
				CLANG_WARN_OBJC_LITERAL_CONVERSION = YES;
				CLANG_WARN_OBJC_ROOT_CLASS = YES_ERROR;
				CLANG_WARN_QUOTED_INCLUDE_IN_FRAMEWORK_HEADER = YES;
				CLANG_WARN_RANGE_LOOP_ANALYSIS = YES;
				CLANG_WARN_STRICT_PROTOTYPES = YES;
				CLANG_WARN_SUSPICIOUS_MOVE = YES;
				CLANG_WARN_UNGUARDED_AVAILABILITY = YES_AGGRESSIVE;
				CLANG_WARN_UNREACHABLE_CODE = YES;
				CLANG_WARN__DUPLICATE_METHOD_MATCH = YES;
				COPY_PHASE_STRIP = NO;
				DEBUG_INFORMATION_FORMAT = dwarf;
				ENABLE_STRICT_OBJC_MSGSEND = YES;
				ENABLE_TESTABILITY = YES;
				GCC_C_LANGUAGE_STANDARD = gnu11;
				GCC_DYNAMIC_NO_PIC = NO;
				GCC_NO_COMMON_BLOCKS = YES;
				GCC_OPTIMIZATION_LEVEL = 0;
				GCC_PREPROCESSOR_DEFINITIONS = (
					"DEBUG=1",
					"$(inherited)",
				);
				GCC_WARN_64_TO_32_BIT_CONVERSION = YES;
				GCC_WARN_ABOUT_RETURN_TYPE = YES_ERROR;
				GCC_WARN_UNDECLARED_SELECTOR = YES;
				GCC_WARN_UNINITIALIZED_AUTOS = YES_AGGRESSIVE;
				GCC_WARN_UNUSED_FUNCTION = YES;
				GCC_WARN_UNUSED_VARIABLE = YES;
				MTL_ENABLE_DEBUG_INFO = INCLUDE_SOURCE;
				MTL_FAST_MATH = YES;
				ONLY_ACTIVE_ARCH = YES;
				SWIFT_ACTIVE_COMPILATION_CONDITIONS = DEBUG;
				SWIFT_OPTIMIZATION_LEVEL = "-Onone";
			};
			name = Debug;
		};
		8421F10825E022ED00B12D0B /* Release */ = {
			isa = XCBuildConfiguration;
			buildSettings = {
				ALWAYS_SEARCH_USER_PATHS = NO;
				CLANG_ANALYZER_NONNULL = YES;
				CLANG_ANALYZER_NUMBER_OBJECT_CONVERSION = YES_AGGRESSIVE;
				CLANG_CXX_LANGUAGE_STANDARD = "gnu++14";
				CLANG_CXX_LIBRARY = "libc++";
				CLANG_ENABLE_MODULES = YES;
				CLANG_ENABLE_OBJC_ARC = YES;
				CLANG_ENABLE_OBJC_WEAK = YES;
				CLANG_WARN_BLOCK_CAPTURE_AUTORELEASING = YES;
				CLANG_WARN_BOOL_CONVERSION = YES;
				CLANG_WARN_COMMA = YES;
				CLANG_WARN_CONSTANT_CONVERSION = YES;
				CLANG_WARN_DEPRECATED_OBJC_IMPLEMENTATIONS = YES;
				CLANG_WARN_DIRECT_OBJC_ISA_USAGE = YES_ERROR;
				CLANG_WARN_DOCUMENTATION_COMMENTS = YES;
				CLANG_WARN_EMPTY_BODY = YES;
				CLANG_WARN_ENUM_CONVERSION = YES;
				CLANG_WARN_INFINITE_RECURSION = YES;
				CLANG_WARN_INT_CONVERSION = YES;
				CLANG_WARN_NON_LITERAL_NULL_CONVERSION = YES;
				CLANG_WARN_OBJC_IMPLICIT_RETAIN_SELF = YES;
				CLANG_WARN_OBJC_LITERAL_CONVERSION = YES;
				CLANG_WARN_OBJC_ROOT_CLASS = YES_ERROR;
				CLANG_WARN_QUOTED_INCLUDE_IN_FRAMEWORK_HEADER = YES;
				CLANG_WARN_RANGE_LOOP_ANALYSIS = YES;
				CLANG_WARN_STRICT_PROTOTYPES = YES;
				CLANG_WARN_SUSPICIOUS_MOVE = YES;
				CLANG_WARN_UNGUARDED_AVAILABILITY = YES_AGGRESSIVE;
				CLANG_WARN_UNREACHABLE_CODE = YES;
				CLANG_WARN__DUPLICATE_METHOD_MATCH = YES;
				COPY_PHASE_STRIP = NO;
				DEBUG_INFORMATION_FORMAT = "dwarf-with-dsym";
				ENABLE_NS_ASSERTIONS = NO;
				ENABLE_STRICT_OBJC_MSGSEND = YES;
				GCC_C_LANGUAGE_STANDARD = gnu11;
				GCC_NO_COMMON_BLOCKS = YES;
				GCC_WARN_64_TO_32_BIT_CONVERSION = YES;
				GCC_WARN_ABOUT_RETURN_TYPE = YES_ERROR;
				GCC_WARN_UNDECLARED_SELECTOR = YES;
				GCC_WARN_UNINITIALIZED_AUTOS = YES_AGGRESSIVE;
				GCC_WARN_UNUSED_FUNCTION = YES;
				GCC_WARN_UNUSED_VARIABLE = YES;
				MTL_ENABLE_DEBUG_INFO = NO;
				MTL_FAST_MATH = YES;
				SWIFT_COMPILATION_MODE = wholemodule;
				SWIFT_OPTIMIZATION_LEVEL = "-O";
			};
			name = Release;
		};
		8421F10A25E022ED00B12D0B /* Debug */ = {
			isa = XCBuildConfiguration;
			buildSettings = {
				ASSETCATALOG_COMPILER_APPICON_NAME = AppIcon;
				ASSETCATALOG_COMPILER_GLOBAL_ACCENT_COLOR_NAME = AccentColor;
				CODE_SIGN_STYLE = Automatic;
				DEVELOPMENT_TEAM = PSCPX4RU9V;
				ENABLE_PREVIEWS = YES;
				INFOPLIST_FILE = iOS/Info.plist;
				IPHONEOS_DEPLOYMENT_TARGET = 14.0;
				LD_RUNPATH_SEARCH_PATHS = (
					"$(inherited)",
					"@executable_path/Frameworks",
				);
				PRODUCT_BUNDLE_IDENTIFIER = com.codingcouch.Tendr;
				PRODUCT_NAME = Tendr;
				SDKROOT = iphoneos;
				SWIFT_VERSION = 5.0;
				TARGETED_DEVICE_FAMILY = "1,2";
			};
			name = Debug;
		};
		8421F10B25E022ED00B12D0B /* Release */ = {
			isa = XCBuildConfiguration;
			buildSettings = {
				ASSETCATALOG_COMPILER_APPICON_NAME = AppIcon;
				ASSETCATALOG_COMPILER_GLOBAL_ACCENT_COLOR_NAME = AccentColor;
				CODE_SIGN_STYLE = Automatic;
				DEVELOPMENT_TEAM = PSCPX4RU9V;
				ENABLE_PREVIEWS = YES;
				INFOPLIST_FILE = iOS/Info.plist;
				IPHONEOS_DEPLOYMENT_TARGET = 14.0;
				LD_RUNPATH_SEARCH_PATHS = (
					"$(inherited)",
					"@executable_path/Frameworks",
				);
				PRODUCT_BUNDLE_IDENTIFIER = com.codingcouch.Tendr;
				PRODUCT_NAME = Tendr;
				SDKROOT = iphoneos;
				SWIFT_VERSION = 5.0;
				TARGETED_DEVICE_FAMILY = "1,2";
				VALIDATE_PRODUCT = YES;
			};
			name = Release;
		};
		8421F10D25E022ED00B12D0B /* Debug */ = {
			isa = XCBuildConfiguration;
			buildSettings = {
				ASSETCATALOG_COMPILER_APPICON_NAME = AppIcon;
				ASSETCATALOG_COMPILER_GLOBAL_ACCENT_COLOR_NAME = AccentColor;
				CODE_SIGN_ENTITLEMENTS = macOS/macOS.entitlements;
				CODE_SIGN_STYLE = Automatic;
				COMBINE_HIDPI_IMAGES = YES;
				DEVELOPMENT_TEAM = PSCPX4RU9V;
				ENABLE_HARDENED_RUNTIME = YES;
				ENABLE_PREVIEWS = YES;
				INFOPLIST_FILE = macOS/Info.plist;
				LD_RUNPATH_SEARCH_PATHS = (
					"$(inherited)",
					"@executable_path/../Frameworks",
				);
				MACOSX_DEPLOYMENT_TARGET = 11.0;
				PRODUCT_BUNDLE_IDENTIFIER = com.codingcouch.Tendr;
				PRODUCT_NAME = Tendr;
				SDKROOT = macosx;
				SWIFT_VERSION = 5.0;
			};
			name = Debug;
		};
		8421F10E25E022ED00B12D0B /* Release */ = {
			isa = XCBuildConfiguration;
			buildSettings = {
				ASSETCATALOG_COMPILER_APPICON_NAME = AppIcon;
				ASSETCATALOG_COMPILER_GLOBAL_ACCENT_COLOR_NAME = AccentColor;
				CODE_SIGN_ENTITLEMENTS = macOS/macOS.entitlements;
				CODE_SIGN_STYLE = Automatic;
				COMBINE_HIDPI_IMAGES = YES;
				DEVELOPMENT_TEAM = PSCPX4RU9V;
				ENABLE_HARDENED_RUNTIME = YES;
				ENABLE_PREVIEWS = YES;
				INFOPLIST_FILE = macOS/Info.plist;
				LD_RUNPATH_SEARCH_PATHS = (
					"$(inherited)",
					"@executable_path/../Frameworks",
				);
				MACOSX_DEPLOYMENT_TARGET = 11.0;
				PRODUCT_BUNDLE_IDENTIFIER = com.codingcouch.Tendr;
				PRODUCT_NAME = Tendr;
				SDKROOT = macosx;
				SWIFT_VERSION = 5.0;
			};
			name = Release;
		};
/* End XCBuildConfiguration section */

/* Begin XCConfigurationList section */
		8421F0EC25E022EA00B12D0B /* Build configuration list for PBXProject "Tendr" */ = {
			isa = XCConfigurationList;
			buildConfigurations = (
				8421F10725E022ED00B12D0B /* Debug */,
				8421F10825E022ED00B12D0B /* Release */,
			);
			defaultConfigurationIsVisible = 0;
			defaultConfigurationName = Release;
		};
		8421F10925E022ED00B12D0B /* Build configuration list for PBXNativeTarget "Tendr (iOS)" */ = {
			isa = XCConfigurationList;
			buildConfigurations = (
				8421F10A25E022ED00B12D0B /* Debug */,
				8421F10B25E022ED00B12D0B /* Release */,
			);
			defaultConfigurationIsVisible = 0;
			defaultConfigurationName = Release;
		};
		8421F10C25E022ED00B12D0B /* Build configuration list for PBXNativeTarget "Tendr (macOS)" */ = {
			isa = XCConfigurationList;
			buildConfigurations = (
				8421F10D25E022ED00B12D0B /* Debug */,
				8421F10E25E022ED00B12D0B /* Release */,
			);
			defaultConfigurationIsVisible = 0;
			defaultConfigurationName = Release;
		};
/* End XCConfigurationList section */
	};
	rootObject = 8421F0E925E022EA00B12D0B /* Project object */;
}
