// !$*UTF8*$!
{
	archiveVersion = 1;
	classes = {
	};
	objectVersion = 50;
	objects = {

/* Begin PBXBuildFile section */
		611A41C025E21AE00053C010 /* HistoryProvider.swift in Sources */ = {isa = PBXBuildFile; fileRef = 611A41BF25E21AE00053C010 /* HistoryProvider.swift */; };
		613E7EBB25E0711700F20A53 /* AsyncImage.swift in Sources */ = {isa = PBXBuildFile; fileRef = 616A1C2825E0452A0062BB89 /* AsyncImage.swift */; };
		613E7EBE25E0712000F20A53 /* ImageLoader.swift in Sources */ = {isa = PBXBuildFile; fileRef = 6185798F25E04AE300D73755 /* ImageLoader.swift */; };
		613E7EC425E0781700F20A53 /* Image+Initializer.swift in Sources */ = {isa = PBXBuildFile; fileRef = 613E7EC325E0781700F20A53 /* Image+Initializer.swift */; };
		613E7EC525E0781700F20A53 /* Image+Initializer.swift in Sources */ = {isa = PBXBuildFile; fileRef = 613E7EC325E0781700F20A53 /* Image+Initializer.swift */; };
		613E7ECF25E096C200F20A53 /* HomeView.swift in Sources */ = {isa = PBXBuildFile; fileRef = 613E7ECE25E096C200F20A53 /* HomeView.swift */; };
		613E7ED025E096C200F20A53 /* HomeView.swift in Sources */ = {isa = PBXBuildFile; fileRef = 613E7ECE25E096C200F20A53 /* HomeView.swift */; };
		613E7ED525E09A5D00F20A53 /* MemeProvider.swift in Sources */ = {isa = PBXBuildFile; fileRef = 613E7ED425E09A5D00F20A53 /* MemeProvider.swift */; };
		613E7ED625E09A5D00F20A53 /* MemeProvider.swift in Sources */ = {isa = PBXBuildFile; fileRef = 613E7ED425E09A5D00F20A53 /* MemeProvider.swift */; };
		613E7EDA25E09CFE00F20A53 /* MemeCardView.swift in Sources */ = {isa = PBXBuildFile; fileRef = 613E7ED925E09CFE00F20A53 /* MemeCardView.swift */; };
		613E7EDB25E09CFE00F20A53 /* MemeCardView.swift in Sources */ = {isa = PBXBuildFile; fileRef = 613E7ED925E09CFE00F20A53 /* MemeCardView.swift */; };
		613E7EDF25E09EFA00F20A53 /* MemeButtonsView.swift in Sources */ = {isa = PBXBuildFile; fileRef = 613E7EDE25E09EFA00F20A53 /* MemeButtonsView.swift */; };
		613E7EE025E09EFA00F20A53 /* MemeButtonsView.swift in Sources */ = {isa = PBXBuildFile; fileRef = 613E7EDE25E09EFA00F20A53 /* MemeButtonsView.swift */; };
		613E7EE425E09F9100F20A53 /* RoundButtonStyle.swift in Sources */ = {isa = PBXBuildFile; fileRef = 613E7EE325E09F9100F20A53 /* RoundButtonStyle.swift */; };
		613E7EE525E09F9100F20A53 /* RoundButtonStyle.swift in Sources */ = {isa = PBXBuildFile; fileRef = 613E7EE325E09F9100F20A53 /* RoundButtonStyle.swift */; };
		613E7EE925E0B03F00F20A53 /* MemeAction.swift in Sources */ = {isa = PBXBuildFile; fileRef = 613E7EE825E0B03F00F20A53 /* MemeAction.swift */; };
		613E7EEA25E0B03F00F20A53 /* MemeAction.swift in Sources */ = {isa = PBXBuildFile; fileRef = 613E7EE825E0B03F00F20A53 /* MemeAction.swift */; };
		613E7EEE25E0BA4F00F20A53 /* Color+iOS.swift in Sources */ = {isa = PBXBuildFile; fileRef = 613E7EED25E0BA4F00F20A53 /* Color+iOS.swift */; };
		616A1C2925E0452A0062BB89 /* AsyncImage.swift in Sources */ = {isa = PBXBuildFile; fileRef = 616A1C2825E0452A0062BB89 /* AsyncImage.swift */; };
		6185799025E04AE300D73755 /* ImageLoader.swift in Sources */ = {isa = PBXBuildFile; fileRef = 6185798F25E04AE300D73755 /* ImageLoader.swift */; };
		8421F10125E022ED00B12D0B /* TendrApp.swift in Sources */ = {isa = PBXBuildFile; fileRef = 8421F0EE25E022EA00B12D0B /* TendrApp.swift */; };
		8421F10325E022ED00B12D0B /* RootView.swift in Sources */ = {isa = PBXBuildFile; fileRef = 8421F0EF25E022EA00B12D0B /* RootView.swift */; };
		8421F10525E022ED00B12D0B /* Assets.xcassets in Resources */ = {isa = PBXBuildFile; fileRef = 8421F0F025E022ED00B12D0B /* Assets.xcassets */; };
		8421F11625E02BF400B12D0B /* AuthManager.swift in Sources */ = {isa = PBXBuildFile; fileRef = 8421F11525E02BF400B12D0B /* AuthManager.swift */; };
		8421F12425E0311200B12D0B /* AuthManager.swift in Sources */ = {isa = PBXBuildFile; fileRef = 8421F11525E02BF400B12D0B /* AuthManager.swift */; };
		845C901925E19850009EF7AB /* RootNavigationViewMac.swift in Sources */ = {isa = PBXBuildFile; fileRef = 845C901825E19850009EF7AB /* RootNavigationViewMac.swift */; };
		845C901E25E19962009EF7AB /* RootNavigationViewIOS.swift in Sources */ = {isa = PBXBuildFile; fileRef = 845C901D25E19962009EF7AB /* RootNavigationViewIOS.swift */; };
		845C908825E1A47D009EF7AB /* TabBarView.swift in Sources */ = {isa = PBXBuildFile; fileRef = 613E7EB325E06B2E00F20A53 /* TabBarView.swift */; };
		845C909B25E1A4E8009EF7AB /* AppSection.swift in Sources */ = {isa = PBXBuildFile; fileRef = 845C908F25E1A4AA009EF7AB /* AppSection.swift */; };
		845C909F25E1A4E8009EF7AB /* AppSection.swift in Sources */ = {isa = PBXBuildFile; fileRef = 845C908F25E1A4AA009EF7AB /* AppSection.swift */; };
		845C90BF25E1A721009EF7AB /* Color+MacOS.swift in Sources */ = {isa = PBXBuildFile; fileRef = 845C90BD25E1A721009EF7AB /* Color+MacOS.swift */; };
		845C90C725E1A9F9009EF7AB /* SideBarNavigationView.swift in Sources */ = {isa = PBXBuildFile; fileRef = 845C90C625E1A9F9009EF7AB /* SideBarNavigationView.swift */; };
		845C90E125E1B7F5009EF7AB /* PreferencesPage.swift in Sources */ = {isa = PBXBuildFile; fileRef = 845C90E025E1B7F5009EF7AB /* PreferencesPage.swift */; };
		845C910125E1E9A5009EF7AB /* View+Hidden.swift in Sources */ = {isa = PBXBuildFile; fileRef = 845C910025E1E9A5009EF7AB /* View+Hidden.swift */; };
		845C910225E1E9A5009EF7AB /* View+Hidden.swift in Sources */ = {isa = PBXBuildFile; fileRef = 845C910025E1E9A5009EF7AB /* View+Hidden.swift */; };
		845C912A25E1EB0A009EF7AB /* AppStorageConstants.swift in Sources */ = {isa = PBXBuildFile; fileRef = 845C912925E1EB0A009EF7AB /* AppStorageConstants.swift */; };
		845C912B25E1EB0A009EF7AB /* AppStorageConstants.swift in Sources */ = {isa = PBXBuildFile; fileRef = 845C912925E1EB0A009EF7AB /* AppStorageConstants.swift */; };
		845C913325E1EB20009EF7AB /* CGFloat+Measurements.swift in Sources */ = {isa = PBXBuildFile; fileRef = 845C913225E1EB20009EF7AB /* CGFloat+Measurements.swift */; };
		845C913425E1EB20009EF7AB /* CGFloat+Measurements.swift in Sources */ = {isa = PBXBuildFile; fileRef = 845C913225E1EB20009EF7AB /* CGFloat+Measurements.swift */; };
		845C914225E21540009EF7AB /* AuthRequest.swift in Sources */ = {isa = PBXBuildFile; fileRef = 845C914125E21540009EF7AB /* AuthRequest.swift */; };
		845C914325E21540009EF7AB /* AuthRequest.swift in Sources */ = {isa = PBXBuildFile; fileRef = 845C914125E21540009EF7AB /* AuthRequest.swift */; };
		845C914F25E23871009EF7AB /* Constants.swift in Sources */ = {isa = PBXBuildFile; fileRef = 845C914E25E23871009EF7AB /* Constants.swift */; };
		845C915C25E238A3009EF7AB /* Constants.swift in Sources */ = {isa = PBXBuildFile; fileRef = 845C915725E2389E009EF7AB /* Constants.swift */; };
		845C916425E23BD9009EF7AB /* NetworkClient.swift in Sources */ = {isa = PBXBuildFile; fileRef = 845C916325E23BD9009EF7AB /* NetworkClient.swift */; };
		845C916525E23BD9009EF7AB /* NetworkClient.swift in Sources */ = {isa = PBXBuildFile; fileRef = 845C916325E23BD9009EF7AB /* NetworkClient.swift */; };
		845C917325E243B5009EF7AB /* HTTPStatusCode.swift in Sources */ = {isa = PBXBuildFile; fileRef = 845C917225E243B5009EF7AB /* HTTPStatusCode.swift */; };
		845C917425E243B5009EF7AB /* HTTPStatusCode.swift in Sources */ = {isa = PBXBuildFile; fileRef = 845C917225E243B5009EF7AB /* HTTPStatusCode.swift */; };
		845C919B25E263DA009EF7AB /* HistoryView.swift in Sources */ = {isa = PBXBuildFile; fileRef = 845C919A25E263DA009EF7AB /* HistoryView.swift */; };
		845C919F25E263DD009EF7AB /* HistoryView.swift in Sources */ = {isa = PBXBuildFile; fileRef = 845C919A25E263DA009EF7AB /* HistoryView.swift */; };
		845C91A325E265BA009EF7AB /* HistoryProvider.swift in Sources */ = {isa = PBXBuildFile; fileRef = 611A41BF25E21AE00053C010 /* HistoryProvider.swift */; };
		845C91AE25E2C03F009EF7AB /* HistoryRowView.swift in Sources */ = {isa = PBXBuildFile; fileRef = 845C91AD25E2C03F009EF7AB /* HistoryRowView.swift */; };
		845C91AF25E2C03F009EF7AB /* HistoryRowView.swift in Sources */ = {isa = PBXBuildFile; fileRef = 845C91AD25E2C03F009EF7AB /* HistoryRowView.swift */; };
		845C91B725E2C2AB009EF7AB /* ImageCache.swift in Sources */ = {isa = PBXBuildFile; fileRef = 845C91B625E2C2AB009EF7AB /* ImageCache.swift */; };
		845C91B825E2C2AB009EF7AB /* ImageCache.swift in Sources */ = {isa = PBXBuildFile; fileRef = 845C91B625E2C2AB009EF7AB /* ImageCache.swift */; };
		845C91BF25E2C656009EF7AB /* ImageCacheTest.swift in Sources */ = {isa = PBXBuildFile; fileRef = 845C91BE25E2C656009EF7AB /* ImageCacheTest.swift */; };
		845C91C425E2C65D009EF7AB /* ImageLoaderTest.swift in Sources */ = {isa = PBXBuildFile; fileRef = 845C91C325E2C65D009EF7AB /* ImageLoaderTest.swift */; };
		845C91D325E2D9F9009EF7AB /* ShareSheet.swift in Sources */ = {isa = PBXBuildFile; fileRef = 845C91CB25E2D9F1009EF7AB /* ShareSheet.swift */; };
		845C920525E310C6009EF7AB /* MemeDetails.swift in Sources */ = {isa = PBXBuildFile; fileRef = 845C920425E310C6009EF7AB /* MemeDetails.swift */; };
		845C920625E310C6009EF7AB /* MemeDetails.swift in Sources */ = {isa = PBXBuildFile; fileRef = 845C920425E310C6009EF7AB /* MemeDetails.swift */; };
		846574E625E0432000BA7A3D /* LoginPage.swift in Sources */ = {isa = PBXBuildFile; fileRef = 846574E525E0432000BA7A3D /* LoginPage.swift */; };
		846574EB25E0442800BA7A3D /* LargeButtonStyle.swift in Sources */ = {isa = PBXBuildFile; fileRef = 846574EA25E0442800BA7A3D /* LargeButtonStyle.swift */; };
		846574F125E0565F00BA7A3D /* LoginPage.swift in Sources */ = {isa = PBXBuildFile; fileRef = 846574E525E0432000BA7A3D /* LoginPage.swift */; };
		84986DB825E16C3A00A882A5 /* CreditsView.swift in Sources */ = {isa = PBXBuildFile; fileRef = 84986DB725E16C3A00A882A5 /* CreditsView.swift */; };
		84986DB925E16C3A00A882A5 /* CreditsView.swift in Sources */ = {isa = PBXBuildFile; fileRef = 84986DB725E16C3A00A882A5 /* CreditsView.swift */; };
		84EC262325E0D03D00B045A0 /* MemeResponseTest.swift in Sources */ = {isa = PBXBuildFile; fileRef = 84EC262225E0D03D00B045A0 /* MemeResponseTest.swift */; };
		84EC262C25E0D0AC00B045A0 /* MemeResponseArray.json in Resources */ = {isa = PBXBuildFile; fileRef = 84EC262B25E0D0AB00B045A0 /* MemeResponseArray.json */; };
		84EC263425E0D0CD00B045A0 /* JsonLoader.swift in Sources */ = {isa = PBXBuildFile; fileRef = 84EC263325E0D0CD00B045A0 /* JsonLoader.swift */; };
		84EC266D25E0E1D000B045A0 /* Assets.xcassets in Resources */ = {isa = PBXBuildFile; fileRef = 8421F0F025E022ED00B12D0B /* Assets.xcassets */; };
		84EC267825E0E66300B045A0 /* Assets.xcassets in Resources */ = {isa = PBXBuildFile; fileRef = 84EC267725E0E66000B045A0 /* Assets.xcassets */; };
		84EC267D25E0E68000B045A0 /* Assets.xcassets in Resources */ = {isa = PBXBuildFile; fileRef = 84EC267C25E0E68000B045A0 /* Assets.xcassets */; };
		84EF26B925E067FB00061513 /* HTTPMethod.swift in Sources */ = {isa = PBXBuildFile; fileRef = 84EF26B825E067FB00061513 /* HTTPMethod.swift */; };
		84EF26BF25E068BF00061513 /* MemeResponse.swift in Sources */ = {isa = PBXBuildFile; fileRef = 84EF26BE25E068BF00061513 /* MemeResponse.swift */; };
		84EF26EC25E073D300061513 /* SettingsView.swift in Sources */ = {isa = PBXBuildFile; fileRef = 616A1C1125E031630062BB89 /* SettingsView.swift */; };
		84EF26EF25E073D700061513 /* HTTPMethod.swift in Sources */ = {isa = PBXBuildFile; fileRef = 84EF26B825E067FB00061513 /* HTTPMethod.swift */; };
		84EF26F825E073DE00061513 /* TendrApp.swift in Sources */ = {isa = PBXBuildFile; fileRef = 8421F0EE25E022EA00B12D0B /* TendrApp.swift */; };
		84EF26FB25E073E600061513 /* MemeResponse.swift in Sources */ = {isa = PBXBuildFile; fileRef = 84EF26BE25E068BF00061513 /* MemeResponse.swift */; };
		84EF26FE25E073EC00061513 /* RootView.swift in Sources */ = {isa = PBXBuildFile; fileRef = 8421F0EF25E022EA00B12D0B /* RootView.swift */; };
		84EF270125E073EF00061513 /* LargeButtonStyle.swift in Sources */ = {isa = PBXBuildFile; fileRef = 846574EA25E0442800BA7A3D /* LargeButtonStyle.swift */; };
		84EF270725E0747400061513 /* Endpoint.swift in Sources */ = {isa = PBXBuildFile; fileRef = 84EF270625E0747400061513 /* Endpoint.swift */; };
		84EF270825E0747400061513 /* Endpoint.swift in Sources */ = {isa = PBXBuildFile; fileRef = 84EF270625E0747400061513 /* Endpoint.swift */; };
		84EF270D25E09B6B00061513 /* ApiRequest.swift in Sources */ = {isa = PBXBuildFile; fileRef = 84EF270C25E09B6B00061513 /* ApiRequest.swift */; };
		84EF270E25E09B6B00061513 /* ApiRequest.swift in Sources */ = {isa = PBXBuildFile; fileRef = 84EF270C25E09B6B00061513 /* ApiRequest.swift */; };
		84EF271D25E0A98100061513 /* Empty.swift in Sources */ = {isa = PBXBuildFile; fileRef = 84EF271C25E0A98100061513 /* Empty.swift */; };
		84EF271E25E0A98100061513 /* Empty.swift in Sources */ = {isa = PBXBuildFile; fileRef = 84EF271C25E0A98100061513 /* Empty.swift */; };
		84EF276F25E0AE5000061513 /* ApiRequestTest.swift in Sources */ = {isa = PBXBuildFile; fileRef = 84EF276E25E0AE5000061513 /* ApiRequestTest.swift */; };
/* End PBXBuildFile section */

/* Begin PBXContainerItemProxy section */
		84EF275C25E0ADCF00061513 /* PBXContainerItemProxy */ = {
			isa = PBXContainerItemProxy;
			containerPortal = 8421F0E925E022EA00B12D0B /* Project object */;
			proxyType = 1;
			remoteGlobalIDString = 8421F0F425E022ED00B12D0B;
			remoteInfo = "Tendr (iOS)";
		};
/* End PBXContainerItemProxy section */

/* Begin PBXFileReference section */
		611A41BF25E21AE00053C010 /* HistoryProvider.swift */ = {isa = PBXFileReference; lastKnownFileType = sourcecode.swift; path = HistoryProvider.swift; sourceTree = "<group>"; };
		613E7EB325E06B2E00F20A53 /* TabBarView.swift */ = {isa = PBXFileReference; lastKnownFileType = sourcecode.swift; path = TabBarView.swift; sourceTree = "<group>"; };
		613E7EC325E0781700F20A53 /* Image+Initializer.swift */ = {isa = PBXFileReference; lastKnownFileType = sourcecode.swift; path = "Image+Initializer.swift"; sourceTree = "<group>"; };
		613E7ECE25E096C200F20A53 /* HomeView.swift */ = {isa = PBXFileReference; lastKnownFileType = sourcecode.swift; path = HomeView.swift; sourceTree = "<group>"; };
		613E7ED425E09A5D00F20A53 /* MemeProvider.swift */ = {isa = PBXFileReference; lastKnownFileType = sourcecode.swift; path = MemeProvider.swift; sourceTree = "<group>"; };
		613E7ED925E09CFE00F20A53 /* MemeCardView.swift */ = {isa = PBXFileReference; lastKnownFileType = sourcecode.swift; path = MemeCardView.swift; sourceTree = "<group>"; };
		613E7EDE25E09EFA00F20A53 /* MemeButtonsView.swift */ = {isa = PBXFileReference; lastKnownFileType = sourcecode.swift; path = MemeButtonsView.swift; sourceTree = "<group>"; };
		613E7EE325E09F9100F20A53 /* RoundButtonStyle.swift */ = {isa = PBXFileReference; lastKnownFileType = sourcecode.swift; path = RoundButtonStyle.swift; sourceTree = "<group>"; };
		613E7EE825E0B03F00F20A53 /* MemeAction.swift */ = {isa = PBXFileReference; lastKnownFileType = sourcecode.swift; path = MemeAction.swift; sourceTree = "<group>"; };
		613E7EED25E0BA4F00F20A53 /* Color+iOS.swift */ = {isa = PBXFileReference; lastKnownFileType = sourcecode.swift; path = "Color+iOS.swift"; sourceTree = "<group>"; };
		616A1C1125E031630062BB89 /* SettingsView.swift */ = {isa = PBXFileReference; lastKnownFileType = sourcecode.swift; path = SettingsView.swift; sourceTree = "<group>"; };
		616A1C2825E0452A0062BB89 /* AsyncImage.swift */ = {isa = PBXFileReference; lastKnownFileType = sourcecode.swift; path = AsyncImage.swift; sourceTree = "<group>"; };
		6185798F25E04AE300D73755 /* ImageLoader.swift */ = {isa = PBXFileReference; lastKnownFileType = sourcecode.swift; path = ImageLoader.swift; sourceTree = "<group>"; };
		8421F0EE25E022EA00B12D0B /* TendrApp.swift */ = {isa = PBXFileReference; lastKnownFileType = sourcecode.swift; path = TendrApp.swift; sourceTree = "<group>"; };
		8421F0EF25E022EA00B12D0B /* RootView.swift */ = {isa = PBXFileReference; lastKnownFileType = sourcecode.swift; path = RootView.swift; sourceTree = "<group>"; };
		8421F0F025E022ED00B12D0B /* Assets.xcassets */ = {isa = PBXFileReference; lastKnownFileType = folder.assetcatalog; path = Assets.xcassets; sourceTree = "<group>"; };
		8421F0F525E022ED00B12D0B /* Tendr.app */ = {isa = PBXFileReference; explicitFileType = wrapper.application; includeInIndex = 0; path = Tendr.app; sourceTree = BUILT_PRODUCTS_DIR; };
		8421F0F825E022ED00B12D0B /* Info.plist */ = {isa = PBXFileReference; lastKnownFileType = text.plist.xml; path = Info.plist; sourceTree = "<group>"; };
		8421F0FD25E022ED00B12D0B /* Tendr.app */ = {isa = PBXFileReference; explicitFileType = wrapper.application; includeInIndex = 0; path = Tendr.app; sourceTree = BUILT_PRODUCTS_DIR; };
		8421F0FF25E022ED00B12D0B /* Info.plist */ = {isa = PBXFileReference; lastKnownFileType = text.plist.xml; path = Info.plist; sourceTree = "<group>"; };
		8421F10025E022ED00B12D0B /* macOS.entitlements */ = {isa = PBXFileReference; lastKnownFileType = text.plist.entitlements; path = macOS.entitlements; sourceTree = "<group>"; };
		8421F11525E02BF400B12D0B /* AuthManager.swift */ = {isa = PBXFileReference; lastKnownFileType = sourcecode.swift; path = AuthManager.swift; sourceTree = "<group>"; };
		845C901825E19850009EF7AB /* RootNavigationViewMac.swift */ = {isa = PBXFileReference; lastKnownFileType = sourcecode.swift; path = RootNavigationViewMac.swift; sourceTree = "<group>"; };
		845C901D25E19962009EF7AB /* RootNavigationViewIOS.swift */ = {isa = PBXFileReference; lastKnownFileType = sourcecode.swift; path = RootNavigationViewIOS.swift; sourceTree = "<group>"; };
		845C908F25E1A4AA009EF7AB /* AppSection.swift */ = {isa = PBXFileReference; lastKnownFileType = sourcecode.swift; path = AppSection.swift; sourceTree = "<group>"; };
		845C90BD25E1A721009EF7AB /* Color+MacOS.swift */ = {isa = PBXFileReference; lastKnownFileType = sourcecode.swift; path = "Color+MacOS.swift"; sourceTree = "<group>"; };
		845C90C625E1A9F9009EF7AB /* SideBarNavigationView.swift */ = {isa = PBXFileReference; lastKnownFileType = sourcecode.swift; path = SideBarNavigationView.swift; sourceTree = "<group>"; };
		845C90E025E1B7F5009EF7AB /* PreferencesPage.swift */ = {isa = PBXFileReference; lastKnownFileType = sourcecode.swift; path = PreferencesPage.swift; sourceTree = "<group>"; };
		845C910025E1E9A5009EF7AB /* View+Hidden.swift */ = {isa = PBXFileReference; fileEncoding = 4; lastKnownFileType = sourcecode.swift; path = "View+Hidden.swift"; sourceTree = "<group>"; };
		845C912925E1EB0A009EF7AB /* AppStorageConstants.swift */ = {isa = PBXFileReference; fileEncoding = 4; lastKnownFileType = sourcecode.swift; path = AppStorageConstants.swift; sourceTree = "<group>"; };
		845C913225E1EB20009EF7AB /* CGFloat+Measurements.swift */ = {isa = PBXFileReference; fileEncoding = 4; lastKnownFileType = sourcecode.swift; path = "CGFloat+Measurements.swift"; sourceTree = "<group>"; };
		845C914125E21540009EF7AB /* AuthRequest.swift */ = {isa = PBXFileReference; lastKnownFileType = sourcecode.swift; path = AuthRequest.swift; sourceTree = "<group>"; };
		845C914E25E23871009EF7AB /* Constants.swift */ = {isa = PBXFileReference; lastKnownFileType = sourcecode.swift; path = Constants.swift; sourceTree = "<group>"; };
		845C915725E2389E009EF7AB /* Constants.swift */ = {isa = PBXFileReference; lastKnownFileType = sourcecode.swift; path = Constants.swift; sourceTree = "<group>"; };
		845C916325E23BD9009EF7AB /* NetworkClient.swift */ = {isa = PBXFileReference; lastKnownFileType = sourcecode.swift; path = NetworkClient.swift; sourceTree = "<group>"; };
		845C917225E243B5009EF7AB /* HTTPStatusCode.swift */ = {isa = PBXFileReference; lastKnownFileType = sourcecode.swift; path = HTTPStatusCode.swift; sourceTree = "<group>"; };
		845C919A25E263DA009EF7AB /* HistoryView.swift */ = {isa = PBXFileReference; fileEncoding = 4; lastKnownFileType = sourcecode.swift; path = HistoryView.swift; sourceTree = "<group>"; };
		845C91AD25E2C03F009EF7AB /* HistoryRowView.swift */ = {isa = PBXFileReference; lastKnownFileType = sourcecode.swift; path = HistoryRowView.swift; sourceTree = "<group>"; };
		845C91B625E2C2AB009EF7AB /* ImageCache.swift */ = {isa = PBXFileReference; lastKnownFileType = sourcecode.swift; path = ImageCache.swift; sourceTree = "<group>"; };
		845C91BE25E2C656009EF7AB /* ImageCacheTest.swift */ = {isa = PBXFileReference; fileEncoding = 4; lastKnownFileType = sourcecode.swift; path = ImageCacheTest.swift; sourceTree = "<group>"; };
		845C91C325E2C65D009EF7AB /* ImageLoaderTest.swift */ = {isa = PBXFileReference; fileEncoding = 4; lastKnownFileType = sourcecode.swift; path = ImageLoaderTest.swift; sourceTree = "<group>"; };
		845C91CB25E2D9F1009EF7AB /* ShareSheet.swift */ = {isa = PBXFileReference; lastKnownFileType = sourcecode.swift; path = ShareSheet.swift; sourceTree = "<group>"; };
		845C920425E310C6009EF7AB /* MemeDetails.swift */ = {isa = PBXFileReference; lastKnownFileType = sourcecode.swift; path = MemeDetails.swift; sourceTree = "<group>"; };
		846574E525E0432000BA7A3D /* LoginPage.swift */ = {isa = PBXFileReference; lastKnownFileType = sourcecode.swift; path = LoginPage.swift; sourceTree = "<group>"; };
		846574EA25E0442800BA7A3D /* LargeButtonStyle.swift */ = {isa = PBXFileReference; lastKnownFileType = sourcecode.swift; path = LargeButtonStyle.swift; sourceTree = "<group>"; };
		84986DB725E16C3A00A882A5 /* CreditsView.swift */ = {isa = PBXFileReference; lastKnownFileType = sourcecode.swift; path = CreditsView.swift; sourceTree = "<group>"; };
		84EC25E725E0CA7A00B045A0 /* Tendr.entitlements */ = {isa = PBXFileReference; lastKnownFileType = text.plist.entitlements; path = Tendr.entitlements; sourceTree = "<group>"; };
		84EC262225E0D03D00B045A0 /* MemeResponseTest.swift */ = {isa = PBXFileReference; lastKnownFileType = sourcecode.swift; path = MemeResponseTest.swift; sourceTree = "<group>"; };
		84EC262B25E0D0AB00B045A0 /* MemeResponseArray.json */ = {isa = PBXFileReference; fileEncoding = 4; lastKnownFileType = text.json; path = MemeResponseArray.json; sourceTree = "<group>"; };
		84EC263325E0D0CD00B045A0 /* JsonLoader.swift */ = {isa = PBXFileReference; lastKnownFileType = sourcecode.swift; path = JsonLoader.swift; sourceTree = "<group>"; };
		84EC267725E0E66000B045A0 /* Assets.xcassets */ = {isa = PBXFileReference; lastKnownFileType = folder.assetcatalog; path = Assets.xcassets; sourceTree = "<group>"; };
		84EC267C25E0E68000B045A0 /* Assets.xcassets */ = {isa = PBXFileReference; lastKnownFileType = folder.assetcatalog; path = Assets.xcassets; sourceTree = "<group>"; };
		84EF26B825E067FB00061513 /* HTTPMethod.swift */ = {isa = PBXFileReference; lastKnownFileType = sourcecode.swift; path = HTTPMethod.swift; sourceTree = "<group>"; };
		84EF26BE25E068BF00061513 /* MemeResponse.swift */ = {isa = PBXFileReference; lastKnownFileType = sourcecode.swift; path = MemeResponse.swift; sourceTree = "<group>"; };
		84EF270625E0747400061513 /* Endpoint.swift */ = {isa = PBXFileReference; lastKnownFileType = sourcecode.swift; path = Endpoint.swift; sourceTree = "<group>"; };
		84EF270C25E09B6B00061513 /* ApiRequest.swift */ = {isa = PBXFileReference; lastKnownFileType = sourcecode.swift; path = ApiRequest.swift; sourceTree = "<group>"; };
		84EF271C25E0A98100061513 /* Empty.swift */ = {isa = PBXFileReference; lastKnownFileType = sourcecode.swift; path = Empty.swift; sourceTree = "<group>"; };
		84EF275725E0ADCF00061513 /* TendrTests (iOS).xctest */ = {isa = PBXFileReference; explicitFileType = wrapper.cfbundle; includeInIndex = 0; path = "TendrTests (iOS).xctest"; sourceTree = BUILT_PRODUCTS_DIR; };
		84EF275B25E0ADCF00061513 /* Info.plist */ = {isa = PBXFileReference; lastKnownFileType = text.plist.xml; path = Info.plist; sourceTree = "<group>"; };
		84EF276E25E0AE5000061513 /* ApiRequestTest.swift */ = {isa = PBXFileReference; lastKnownFileType = sourcecode.swift; path = ApiRequestTest.swift; sourceTree = "<group>"; };
/* End PBXFileReference section */

/* Begin PBXFrameworksBuildPhase section */
		8421F0F225E022ED00B12D0B /* Frameworks */ = {
			isa = PBXFrameworksBuildPhase;
			buildActionMask = 2147483647;
			files = (
			);
			runOnlyForDeploymentPostprocessing = 0;
		};
		8421F0FA25E022ED00B12D0B /* Frameworks */ = {
			isa = PBXFrameworksBuildPhase;
			buildActionMask = 2147483647;
			files = (
			);
			runOnlyForDeploymentPostprocessing = 0;
		};
		84EF275425E0ADCF00061513 /* Frameworks */ = {
			isa = PBXFrameworksBuildPhase;
			buildActionMask = 2147483647;
			files = (
			);
			runOnlyForDeploymentPostprocessing = 0;
		};
/* End PBXFrameworksBuildPhase section */

/* Begin PBXGroup section */
		611A41BE25E21AAC0053C010 /* History */ = {
			isa = PBXGroup;
			children = (
				845C919A25E263DA009EF7AB /* HistoryView.swift */,
				611A41BF25E21AE00053C010 /* HistoryProvider.swift */,
				845C91AD25E2C03F009EF7AB /* HistoryRowView.swift */,
				845C920425E310C6009EF7AB /* MemeDetails.swift */,
			);
			path = History;
			sourceTree = "<group>";
		};
		613E7ED325E09A4B00F20A53 /* Home */ = {
			isa = PBXGroup;
			children = (
				613E7ED425E09A5D00F20A53 /* MemeProvider.swift */,
				613E7EE825E0B03F00F20A53 /* MemeAction.swift */,
				613E7ECE25E096C200F20A53 /* HomeView.swift */,
				613E7ED925E09CFE00F20A53 /* MemeCardView.swift */,
				613E7EDE25E09EFA00F20A53 /* MemeButtonsView.swift */,
			);
			path = Home;
			sourceTree = "<group>";
		};
		616A1C2725E0451B0062BB89 /* Image */ = {
			isa = PBXGroup;
			children = (
				616A1C2825E0452A0062BB89 /* AsyncImage.swift */,
				6185798F25E04AE300D73755 /* ImageLoader.swift */,
				845C91B625E2C2AB009EF7AB /* ImageCache.swift */,
			);
			path = Image;
			sourceTree = "<group>";
		};
		8421F0E825E022EA00B12D0B = {
			isa = PBXGroup;
			children = (
				8421F0ED25E022EA00B12D0B /* Shared */,
				8421F0F725E022ED00B12D0B /* iOS */,
				8421F0FE25E022ED00B12D0B /* macOS */,
				84EF275825E0ADCF00061513 /* TendrTests (iOS) */,
				8421F0F625E022ED00B12D0B /* Products */,
			);
			sourceTree = "<group>";
		};
		8421F0ED25E022EA00B12D0B /* Shared */ = {
			isa = PBXGroup;
			children = (
				8421F0EE25E022EA00B12D0B /* TendrApp.swift */,
				8421F0F025E022ED00B12D0B /* Assets.xcassets */,
				8421F11425E02BE400B12D0B /* Authentication */,
				8421F14525E03ACC00B12D0B /* Constants */,
				8421F14C25E03B2F00B12D0B /* Extension */,
				8421F11325E02BDA00B12D0B /* Networking */,
				8421F14425E03AB200B12D0B /* View */,
				845C908F25E1A4AA009EF7AB /* AppSection.swift */,
			);
			path = Shared;
			sourceTree = "<group>";
		};
		8421F0F625E022ED00B12D0B /* Products */ = {
			isa = PBXGroup;
			children = (
				8421F0F525E022ED00B12D0B /* Tendr.app */,
				8421F0FD25E022ED00B12D0B /* Tendr.app */,
				84EF275725E0ADCF00061513 /* TendrTests (iOS).xctest */,
			);
			name = Products;
			sourceTree = "<group>";
		};
		8421F0F725E022ED00B12D0B /* iOS */ = {
			isa = PBXGroup;
			children = (
				845C915625E23891009EF7AB /* Constants */,
				845C90A725E1A608009EF7AB /* Extension */,
				845C90A325E1A568009EF7AB /* View */,
				84EC25E725E0CA7A00B045A0 /* Tendr.entitlements */,
				8421F0F825E022ED00B12D0B /* Info.plist */,
				84EC267725E0E66000B045A0 /* Assets.xcassets */,
			);
			path = iOS;
			sourceTree = "<group>";
		};
		8421F0FE25E022ED00B12D0B /* macOS */ = {
			isa = PBXGroup;
			children = (
				845C914D25E23859009EF7AB /* Constants */,
				845C90BC25E1A70D009EF7AB /* Extension */,
				845C90AF25E1A637009EF7AB /* View */,
				8421F10025E022ED00B12D0B /* macOS.entitlements */,
				8421F0FF25E022ED00B12D0B /* Info.plist */,
				84EC267C25E0E68000B045A0 /* Assets.xcassets */,
			);
			path = macOS;
			sourceTree = "<group>";
		};
		8421F11325E02BDA00B12D0B /* Networking */ = {
			isa = PBXGroup;
			children = (
				84EF270C25E09B6B00061513 /* ApiRequest.swift */,
				84EF270625E0747400061513 /* Endpoint.swift */,
				845C917825E244EB009EF7AB /* HTTP */,
				84EF26BD25E068A300061513 /* Model */,
				845C916325E23BD9009EF7AB /* NetworkClient.swift */,
			);
			path = Networking;
			sourceTree = "<group>";
		};
		8421F11425E02BE400B12D0B /* Authentication */ = {
			isa = PBXGroup;
			children = (
				8421F11525E02BF400B12D0B /* AuthManager.swift */,
			);
			path = Authentication;
			sourceTree = "<group>";
		};
		8421F14425E03AB200B12D0B /* View */ = {
			isa = PBXGroup;
			children = (
				613E7ED325E09A4B00F20A53 /* Home */,
				616A1C2725E0451B0062BB89 /* Image */,
				846574E525E0432000BA7A3D /* LoginPage.swift */,
				8421F0EF25E022EA00B12D0B /* RootView.swift */,
				846574E925E0440A00BA7A3D /* Button Style */,
				84986DB725E16C3A00A882A5 /* CreditsView.swift */,
				611A41BE25E21AAC0053C010 /* History */,
			);
			path = View;
			sourceTree = "<group>";
		};
		8421F14525E03ACC00B12D0B /* Constants */ = {
			isa = PBXGroup;
			children = (
				845C912925E1EB0A009EF7AB /* AppStorageConstants.swift */,
			);
			path = Constants;
			sourceTree = "<group>";
		};
		8421F14C25E03B2F00B12D0B /* Extension */ = {
			isa = PBXGroup;
			children = (
				845C913225E1EB20009EF7AB /* CGFloat+Measurements.swift */,
				845C910025E1E9A5009EF7AB /* View+Hidden.swift */,
				613E7EC325E0781700F20A53 /* Image+Initializer.swift */,
			);
			path = Extension;
			sourceTree = "<group>";
		};
		845C90A325E1A568009EF7AB /* View */ = {
			isa = PBXGroup;
			children = (
				616A1C1125E031630062BB89 /* SettingsView.swift */,
				845C901D25E19962009EF7AB /* RootNavigationViewIOS.swift */,
				613E7EB325E06B2E00F20A53 /* TabBarView.swift */,
				845C91CB25E2D9F1009EF7AB /* ShareSheet.swift */,
			);
			path = View;
			sourceTree = "<group>";
		};
		845C90A725E1A608009EF7AB /* Extension */ = {
			isa = PBXGroup;
			children = (
				613E7EED25E0BA4F00F20A53 /* Color+iOS.swift */,
			);
			path = Extension;
			sourceTree = "<group>";
		};
		845C90AF25E1A637009EF7AB /* View */ = {
			isa = PBXGroup;
			children = (
				845C901825E19850009EF7AB /* RootNavigationViewMac.swift */,
				845C90C625E1A9F9009EF7AB /* SideBarNavigationView.swift */,
				845C90E025E1B7F5009EF7AB /* PreferencesPage.swift */,
			);
			path = View;
			sourceTree = "<group>";
		};
		845C90BC25E1A70D009EF7AB /* Extension */ = {
			isa = PBXGroup;
			children = (
				845C90BD25E1A721009EF7AB /* Color+MacOS.swift */,
			);
			path = Extension;
			sourceTree = "<group>";
		};
		845C914D25E23859009EF7AB /* Constants */ = {
			isa = PBXGroup;
			children = (
				845C914E25E23871009EF7AB /* Constants.swift */,
			);
			path = Constants;
			sourceTree = "<group>";
		};
		845C915625E23891009EF7AB /* Constants */ = {
			isa = PBXGroup;
			children = (
				845C915725E2389E009EF7AB /* Constants.swift */,
			);
			path = Constants;
			sourceTree = "<group>";
		};
		845C917825E244EB009EF7AB /* HTTP */ = {
			isa = PBXGroup;
			children = (
				84EF26B825E067FB00061513 /* HTTPMethod.swift */,
				845C917225E243B5009EF7AB /* HTTPStatusCode.swift */,
			);
			path = HTTP;
			sourceTree = "<group>";
		};
		845C91BD25E2C623009EF7AB /* Image */ = {
			isa = PBXGroup;
			children = (
				845C91C325E2C65D009EF7AB /* ImageLoaderTest.swift */,
				845C91BE25E2C656009EF7AB /* ImageCacheTest.swift */,
			);
			path = Image;
			sourceTree = "<group>";
		};
		846574E925E0440A00BA7A3D /* Button Style */ = {
			isa = PBXGroup;
			children = (
				846574EA25E0442800BA7A3D /* LargeButtonStyle.swift */,
				613E7EE325E09F9100F20A53 /* RoundButtonStyle.swift */,
			);
			path = "Button Style";
			sourceTree = "<group>";
		};
		84EC262125E0D02200B045A0 /* Model */ = {
			isa = PBXGroup;
			children = (
				84EC262225E0D03D00B045A0 /* MemeResponseTest.swift */,
			);
			path = Model;
			sourceTree = "<group>";
		};
		84EC262A25E0D09B00B045A0 /* Resources */ = {
			isa = PBXGroup;
			children = (
				84EC262B25E0D0AB00B045A0 /* MemeResponseArray.json */,
			);
			path = Resources;
			sourceTree = "<group>";
		};
		84EF26BD25E068A300061513 /* Model */ = {
			isa = PBXGroup;
			children = (
				84EF26BE25E068BF00061513 /* MemeResponse.swift */,
				84EF271C25E0A98100061513 /* Empty.swift */,
				845C914125E21540009EF7AB /* AuthRequest.swift */,
			);
			path = Model;
			sourceTree = "<group>";
		};
		84EF275825E0ADCF00061513 /* TendrTests (iOS) */ = {
			isa = PBXGroup;
			children = (
				84EC262A25E0D09B00B045A0 /* Resources */,
				84EF276C25E0AE2500061513 /* Shared */,
				84EF275B25E0ADCF00061513 /* Info.plist */,
				84EC263325E0D0CD00B045A0 /* JsonLoader.swift */,
			);
			path = "TendrTests (iOS)";
			sourceTree = "<group>";
		};
		84EF276C25E0AE2500061513 /* Shared */ = {
			isa = PBXGroup;
			children = (
				845C91BD25E2C623009EF7AB /* Image */,
				84EF276D25E0AE3F00061513 /* Networking */,
			);
			path = Shared;
			sourceTree = "<group>";
		};
		84EF276D25E0AE3F00061513 /* Networking */ = {
			isa = PBXGroup;
			children = (
				84EC262125E0D02200B045A0 /* Model */,
				84EF276E25E0AE5000061513 /* ApiRequestTest.swift */,
			);
			path = Networking;
			sourceTree = "<group>";
		};
/* End PBXGroup section */

/* Begin PBXNativeTarget section */
		8421F0F425E022ED00B12D0B /* Tendr (iOS) */ = {
			isa = PBXNativeTarget;
			buildConfigurationList = 8421F10925E022ED00B12D0B /* Build configuration list for PBXNativeTarget "Tendr (iOS)" */;
			buildPhases = (
				8421F0F125E022ED00B12D0B /* Sources */,
				8421F0F225E022ED00B12D0B /* Frameworks */,
				8421F0F325E022ED00B12D0B /* Resources */,
			);
			buildRules = (
			);
			dependencies = (
			);
			name = "Tendr (iOS)";
			productName = "Tendr (iOS)";
			productReference = 8421F0F525E022ED00B12D0B /* Tendr.app */;
			productType = "com.apple.product-type.application";
		};
		8421F0FC25E022ED00B12D0B /* Tendr (macOS) */ = {
			isa = PBXNativeTarget;
			buildConfigurationList = 8421F10C25E022ED00B12D0B /* Build configuration list for PBXNativeTarget "Tendr (macOS)" */;
			buildPhases = (
				8421F0F925E022ED00B12D0B /* Sources */,
				8421F0FA25E022ED00B12D0B /* Frameworks */,
				8421F0FB25E022ED00B12D0B /* Resources */,
			);
			buildRules = (
			);
			dependencies = (
			);
			name = "Tendr (macOS)";
			productName = "Tendr (macOS)";
			productReference = 8421F0FD25E022ED00B12D0B /* Tendr.app */;
			productType = "com.apple.product-type.application";
		};
		84EF275625E0ADCF00061513 /* TendrTests (iOS) */ = {
			isa = PBXNativeTarget;
			buildConfigurationList = 84EF275E25E0ADCF00061513 /* Build configuration list for PBXNativeTarget "TendrTests (iOS)" */;
			buildPhases = (
				84EF275325E0ADCF00061513 /* Sources */,
				84EF275425E0ADCF00061513 /* Frameworks */,
				84EF275525E0ADCF00061513 /* Resources */,
			);
			buildRules = (
			);
			dependencies = (
				84EF275D25E0ADCF00061513 /* PBXTargetDependency */,
			);
			name = "TendrTests (iOS)";
			productName = "TendrTests (iOS)";
			productReference = 84EF275725E0ADCF00061513 /* TendrTests (iOS).xctest */;
			productType = "com.apple.product-type.bundle.unit-test";
		};
/* End PBXNativeTarget section */

/* Begin PBXProject section */
		8421F0E925E022EA00B12D0B /* Project object */ = {
			isa = PBXProject;
			attributes = {
				LastSwiftUpdateCheck = 1240;
				LastUpgradeCheck = 1240;
				TargetAttributes = {
					8421F0F425E022ED00B12D0B = {
						CreatedOnToolsVersion = 12.4;
					};
					8421F0FC25E022ED00B12D0B = {
						CreatedOnToolsVersion = 12.4;
					};
					84EF275625E0ADCF00061513 = {
						CreatedOnToolsVersion = 12.4;
						TestTargetID = 8421F0F425E022ED00B12D0B;
					};
				};
			};
			buildConfigurationList = 8421F0EC25E022EA00B12D0B /* Build configuration list for PBXProject "Tendr" */;
			compatibilityVersion = "Xcode 9.3";
			developmentRegion = en;
			hasScannedForEncodings = 0;
			knownRegions = (
				en,
				Base,
			);
			mainGroup = 8421F0E825E022EA00B12D0B;
			productRefGroup = 8421F0F625E022ED00B12D0B /* Products */;
			projectDirPath = "";
			projectRoot = "";
			targets = (
				8421F0F425E022ED00B12D0B /* Tendr (iOS) */,
				8421F0FC25E022ED00B12D0B /* Tendr (macOS) */,
				84EF275625E0ADCF00061513 /* TendrTests (iOS) */,
			);
		};
/* End PBXProject section */

/* Begin PBXResourcesBuildPhase section */
		8421F0F325E022ED00B12D0B /* Resources */ = {
			isa = PBXResourcesBuildPhase;
			buildActionMask = 2147483647;
			files = (
				84EC267825E0E66300B045A0 /* Assets.xcassets in Resources */,
				8421F10525E022ED00B12D0B /* Assets.xcassets in Resources */,
			);
			runOnlyForDeploymentPostprocessing = 0;
		};
		8421F0FB25E022ED00B12D0B /* Resources */ = {
			isa = PBXResourcesBuildPhase;
			buildActionMask = 2147483647;
			files = (
				84EC267D25E0E68000B045A0 /* Assets.xcassets in Resources */,
				84EC266D25E0E1D000B045A0 /* Assets.xcassets in Resources */,
			);
			runOnlyForDeploymentPostprocessing = 0;
		};
		84EF275525E0ADCF00061513 /* Resources */ = {
			isa = PBXResourcesBuildPhase;
			buildActionMask = 2147483647;
			files = (
				84EC262C25E0D0AC00B045A0 /* MemeResponseArray.json in Resources */,
			);
			runOnlyForDeploymentPostprocessing = 0;
		};
/* End PBXResourcesBuildPhase section */

/* Begin PBXSourcesBuildPhase section */
		8421F0F125E022ED00B12D0B /* Sources */ = {
			isa = PBXSourcesBuildPhase;
			buildActionMask = 2147483647;
			files = (
				613E7EE425E09F9100F20A53 /* RoundButtonStyle.swift in Sources */,
				611A41C025E21AE00053C010 /* HistoryProvider.swift in Sources */,
				845C912A25E1EB0A009EF7AB /* AppStorageConstants.swift in Sources */,
				613E7EC425E0781700F20A53 /* Image+Initializer.swift in Sources */,
				613E7EDA25E09CFE00F20A53 /* MemeCardView.swift in Sources */,
				845C908825E1A47D009EF7AB /* TabBarView.swift in Sources */,
				613E7ECF25E096C200F20A53 /* HomeView.swift in Sources */,
				845C901E25E19962009EF7AB /* RootNavigationViewIOS.swift in Sources */,
				845C920525E310C6009EF7AB /* MemeDetails.swift in Sources */,
				84EF270D25E09B6B00061513 /* ApiRequest.swift in Sources */,
				8421F11625E02BF400B12D0B /* AuthManager.swift in Sources */,
				845C915C25E238A3009EF7AB /* Constants.swift in Sources */,
				8421F10325E022ED00B12D0B /* RootView.swift in Sources */,
				84986DB825E16C3A00A882A5 /* CreditsView.swift in Sources */,
				846574EB25E0442800BA7A3D /* LargeButtonStyle.swift in Sources */,
				846574E625E0432000BA7A3D /* LoginPage.swift in Sources */,
				845C919B25E263DA009EF7AB /* HistoryView.swift in Sources */,
				845C917325E243B5009EF7AB /* HTTPStatusCode.swift in Sources */,
				84EF271D25E0A98100061513 /* Empty.swift in Sources */,
				84EF26BF25E068BF00061513 /* MemeResponse.swift in Sources */,
				8421F10125E022ED00B12D0B /* TendrApp.swift in Sources */,
				845C916425E23BD9009EF7AB /* NetworkClient.swift in Sources */,
				613E7EEE25E0BA4F00F20A53 /* Color+iOS.swift in Sources */,
				845C914225E21540009EF7AB /* AuthRequest.swift in Sources */,
				616A1C2925E0452A0062BB89 /* AsyncImage.swift in Sources */,
				613E7ED525E09A5D00F20A53 /* MemeProvider.swift in Sources */,
				6185799025E04AE300D73755 /* ImageLoader.swift in Sources */,
				845C909B25E1A4E8009EF7AB /* AppSection.swift in Sources */,
				613E7EDF25E09EFA00F20A53 /* MemeButtonsView.swift in Sources */,
				613E7EE925E0B03F00F20A53 /* MemeAction.swift in Sources */,
				84EF26B925E067FB00061513 /* HTTPMethod.swift in Sources */,
				845C91B725E2C2AB009EF7AB /* ImageCache.swift in Sources */,
				845C91D325E2D9F9009EF7AB /* ShareSheet.swift in Sources */,
				845C910125E1E9A5009EF7AB /* View+Hidden.swift in Sources */,
				845C913325E1EB20009EF7AB /* CGFloat+Measurements.swift in Sources */,
				84EF270725E0747400061513 /* Endpoint.swift in Sources */,
				845C91AE25E2C03F009EF7AB /* HistoryRowView.swift in Sources */,
				84EF26EC25E073D300061513 /* SettingsView.swift in Sources */,
			);
			runOnlyForDeploymentPostprocessing = 0;
		};
		8421F0F925E022ED00B12D0B /* Sources */ = {
			isa = PBXSourcesBuildPhase;
			buildActionMask = 2147483647;
			files = (
				613E7EE525E09F9100F20A53 /* RoundButtonStyle.swift in Sources */,
				613E7EC525E0781700F20A53 /* Image+Initializer.swift in Sources */,
				845C910225E1E9A5009EF7AB /* View+Hidden.swift in Sources */,
				613E7ED025E096C200F20A53 /* HomeView.swift in Sources */,
				613E7EBB25E0711700F20A53 /* AsyncImage.swift in Sources */,
				613E7EEA25E0B03F00F20A53 /* MemeAction.swift in Sources */,
				613E7EBE25E0712000F20A53 /* ImageLoader.swift in Sources */,
				845C919F25E263DD009EF7AB /* HistoryView.swift in Sources */,
				846574F125E0565F00BA7A3D /* LoginPage.swift in Sources */,
				845C920625E310C6009EF7AB /* MemeDetails.swift in Sources */,
				613E7EDB25E09CFE00F20A53 /* MemeCardView.swift in Sources */,
				613E7EE025E09EFA00F20A53 /* MemeButtonsView.swift in Sources */,
				845C914325E21540009EF7AB /* AuthRequest.swift in Sources */,
				8421F12425E0311200B12D0B /* AuthManager.swift in Sources */,
				845C91A325E265BA009EF7AB /* HistoryProvider.swift in Sources */,
				613E7ED625E09A5D00F20A53 /* MemeProvider.swift in Sources */,
				84EF270E25E09B6B00061513 /* ApiRequest.swift in Sources */,
				845C916525E23BD9009EF7AB /* NetworkClient.swift in Sources */,
				845C912B25E1EB0A009EF7AB /* AppStorageConstants.swift in Sources */,
				845C90BF25E1A721009EF7AB /* Color+MacOS.swift in Sources */,
				845C901925E19850009EF7AB /* RootNavigationViewMac.swift in Sources */,
				845C917425E243B5009EF7AB /* HTTPStatusCode.swift in Sources */,
				846574F125E0565F00BA7A3D /* LoginPage.swift in Sources */,
				84986DB925E16C3A00A882A5 /* CreditsView.swift in Sources */,
				8421F12425E0311200B12D0B /* AuthManager.swift in Sources */,
				845C913425E1EB20009EF7AB /* CGFloat+Measurements.swift in Sources */,
				84EF271E25E0A98100061513 /* Empty.swift in Sources */,
				845C914F25E23871009EF7AB /* Constants.swift in Sources */,
				84EF26FE25E073EC00061513 /* RootView.swift in Sources */,
				845C91B825E2C2AB009EF7AB /* ImageCache.swift in Sources */,
				84EF26EF25E073D700061513 /* HTTPMethod.swift in Sources */,
				845C909F25E1A4E8009EF7AB /* AppSection.swift in Sources */,
				84EF270125E073EF00061513 /* LargeButtonStyle.swift in Sources */,
				845C90E125E1B7F5009EF7AB /* PreferencesPage.swift in Sources */,
				845C91AF25E2C03F009EF7AB /* HistoryRowView.swift in Sources */,
				84EF26F825E073DE00061513 /* TendrApp.swift in Sources */,
				84EF270825E0747400061513 /* Endpoint.swift in Sources */,
				84EF26FB25E073E600061513 /* MemeResponse.swift in Sources */,
				845C90C725E1A9F9009EF7AB /* SideBarNavigationView.swift in Sources */,
			);
			runOnlyForDeploymentPostprocessing = 0;
		};
		84EF275325E0ADCF00061513 /* Sources */ = {
			isa = PBXSourcesBuildPhase;
			buildActionMask = 2147483647;
			files = (
				84EC262325E0D03D00B045A0 /* MemeResponseTest.swift in Sources */,
				84EC263425E0D0CD00B045A0 /* JsonLoader.swift in Sources */,
				845C91BF25E2C656009EF7AB /* ImageCacheTest.swift in Sources */,
				84EF276F25E0AE5000061513 /* ApiRequestTest.swift in Sources */,
				845C91C425E2C65D009EF7AB /* ImageLoaderTest.swift in Sources */,
			);
			runOnlyForDeploymentPostprocessing = 0;
		};
/* End PBXSourcesBuildPhase section */

/* Begin PBXTargetDependency section */
		84EF275D25E0ADCF00061513 /* PBXTargetDependency */ = {
			isa = PBXTargetDependency;
			target = 8421F0F425E022ED00B12D0B /* Tendr (iOS) */;
			targetProxy = 84EF275C25E0ADCF00061513 /* PBXContainerItemProxy */;
		};
/* End PBXTargetDependency section */

/* Begin XCBuildConfiguration section */
		8421F10725E022ED00B12D0B /* Debug */ = {
			isa = XCBuildConfiguration;
			buildSettings = {
				ALWAYS_SEARCH_USER_PATHS = NO;
				CLANG_ANALYZER_NONNULL = YES;
				CLANG_ANALYZER_NUMBER_OBJECT_CONVERSION = YES_AGGRESSIVE;
				CLANG_CXX_LANGUAGE_STANDARD = "gnu++14";
				CLANG_CXX_LIBRARY = "libc++";
				CLANG_ENABLE_MODULES = YES;
				CLANG_ENABLE_OBJC_ARC = YES;
				CLANG_ENABLE_OBJC_WEAK = YES;
				CLANG_WARN_BLOCK_CAPTURE_AUTORELEASING = YES;
				CLANG_WARN_BOOL_CONVERSION = YES;
				CLANG_WARN_COMMA = YES;
				CLANG_WARN_CONSTANT_CONVERSION = YES;
				CLANG_WARN_DEPRECATED_OBJC_IMPLEMENTATIONS = YES;
				CLANG_WARN_DIRECT_OBJC_ISA_USAGE = YES_ERROR;
				CLANG_WARN_DOCUMENTATION_COMMENTS = YES;
				CLANG_WARN_EMPTY_BODY = YES;
				CLANG_WARN_ENUM_CONVERSION = YES;
				CLANG_WARN_INFINITE_RECURSION = YES;
				CLANG_WARN_INT_CONVERSION = YES;
				CLANG_WARN_NON_LITERAL_NULL_CONVERSION = YES;
				CLANG_WARN_OBJC_IMPLICIT_RETAIN_SELF = YES;
				CLANG_WARN_OBJC_LITERAL_CONVERSION = YES;
				CLANG_WARN_OBJC_ROOT_CLASS = YES_ERROR;
				CLANG_WARN_QUOTED_INCLUDE_IN_FRAMEWORK_HEADER = YES;
				CLANG_WARN_RANGE_LOOP_ANALYSIS = YES;
				CLANG_WARN_STRICT_PROTOTYPES = YES;
				CLANG_WARN_SUSPICIOUS_MOVE = YES;
				CLANG_WARN_UNGUARDED_AVAILABILITY = YES_AGGRESSIVE;
				CLANG_WARN_UNREACHABLE_CODE = YES;
				CLANG_WARN__DUPLICATE_METHOD_MATCH = YES;
				COPY_PHASE_STRIP = NO;
				DEBUG_INFORMATION_FORMAT = dwarf;
				ENABLE_STRICT_OBJC_MSGSEND = YES;
				ENABLE_TESTABILITY = YES;
				GCC_C_LANGUAGE_STANDARD = gnu11;
				GCC_DYNAMIC_NO_PIC = NO;
				GCC_NO_COMMON_BLOCKS = YES;
				GCC_OPTIMIZATION_LEVEL = 0;
				GCC_PREPROCESSOR_DEFINITIONS = (
					"DEBUG=1",
					"$(inherited)",
				);
				GCC_WARN_64_TO_32_BIT_CONVERSION = YES;
				GCC_WARN_ABOUT_RETURN_TYPE = YES_ERROR;
				GCC_WARN_UNDECLARED_SELECTOR = YES;
				GCC_WARN_UNINITIALIZED_AUTOS = YES_AGGRESSIVE;
				GCC_WARN_UNUSED_FUNCTION = YES;
				GCC_WARN_UNUSED_VARIABLE = YES;
				IPHONEOS_DEPLOYMENT_TARGET = 14.1;
				MACOSX_DEPLOYMENT_TARGET = 11.0;
				MTL_ENABLE_DEBUG_INFO = INCLUDE_SOURCE;
				MTL_FAST_MATH = YES;
				ONLY_ACTIVE_ARCH = YES;
				SDKROOT = iphoneos;
				SUPPORTED_PLATFORMS = "iphonesimulator iphoneos";
				SWIFT_ACTIVE_COMPILATION_CONDITIONS = DEBUG;
				SWIFT_OPTIMIZATION_LEVEL = "-Onone";
			};
			name = Debug;
		};
		8421F10825E022ED00B12D0B /* Release */ = {
			isa = XCBuildConfiguration;
			buildSettings = {
				ALWAYS_SEARCH_USER_PATHS = NO;
				CLANG_ANALYZER_NONNULL = YES;
				CLANG_ANALYZER_NUMBER_OBJECT_CONVERSION = YES_AGGRESSIVE;
				CLANG_CXX_LANGUAGE_STANDARD = "gnu++14";
				CLANG_CXX_LIBRARY = "libc++";
				CLANG_ENABLE_MODULES = YES;
				CLANG_ENABLE_OBJC_ARC = YES;
				CLANG_ENABLE_OBJC_WEAK = YES;
				CLANG_WARN_BLOCK_CAPTURE_AUTORELEASING = YES;
				CLANG_WARN_BOOL_CONVERSION = YES;
				CLANG_WARN_COMMA = YES;
				CLANG_WARN_CONSTANT_CONVERSION = YES;
				CLANG_WARN_DEPRECATED_OBJC_IMPLEMENTATIONS = YES;
				CLANG_WARN_DIRECT_OBJC_ISA_USAGE = YES_ERROR;
				CLANG_WARN_DOCUMENTATION_COMMENTS = YES;
				CLANG_WARN_EMPTY_BODY = YES;
				CLANG_WARN_ENUM_CONVERSION = YES;
				CLANG_WARN_INFINITE_RECURSION = YES;
				CLANG_WARN_INT_CONVERSION = YES;
				CLANG_WARN_NON_LITERAL_NULL_CONVERSION = YES;
				CLANG_WARN_OBJC_IMPLICIT_RETAIN_SELF = YES;
				CLANG_WARN_OBJC_LITERAL_CONVERSION = YES;
				CLANG_WARN_OBJC_ROOT_CLASS = YES_ERROR;
				CLANG_WARN_QUOTED_INCLUDE_IN_FRAMEWORK_HEADER = YES;
				CLANG_WARN_RANGE_LOOP_ANALYSIS = YES;
				CLANG_WARN_STRICT_PROTOTYPES = YES;
				CLANG_WARN_SUSPICIOUS_MOVE = YES;
				CLANG_WARN_UNGUARDED_AVAILABILITY = YES_AGGRESSIVE;
				CLANG_WARN_UNREACHABLE_CODE = YES;
				CLANG_WARN__DUPLICATE_METHOD_MATCH = YES;
				COPY_PHASE_STRIP = NO;
				DEBUG_INFORMATION_FORMAT = "dwarf-with-dsym";
				ENABLE_NS_ASSERTIONS = NO;
				ENABLE_STRICT_OBJC_MSGSEND = YES;
				GCC_C_LANGUAGE_STANDARD = gnu11;
				GCC_NO_COMMON_BLOCKS = YES;
				GCC_WARN_64_TO_32_BIT_CONVERSION = YES;
				GCC_WARN_ABOUT_RETURN_TYPE = YES_ERROR;
				GCC_WARN_UNDECLARED_SELECTOR = YES;
				GCC_WARN_UNINITIALIZED_AUTOS = YES_AGGRESSIVE;
				GCC_WARN_UNUSED_FUNCTION = YES;
				GCC_WARN_UNUSED_VARIABLE = YES;
				IPHONEOS_DEPLOYMENT_TARGET = 14.1;
				MACOSX_DEPLOYMENT_TARGET = 11.0;
				MTL_ENABLE_DEBUG_INFO = NO;
				MTL_FAST_MATH = YES;
				SDKROOT = iphoneos;
				SUPPORTED_PLATFORMS = "iphonesimulator iphoneos";
				SWIFT_COMPILATION_MODE = wholemodule;
				SWIFT_OPTIMIZATION_LEVEL = "-O";
			};
			name = Release;
		};
		8421F10A25E022ED00B12D0B /* Debug */ = {
			isa = XCBuildConfiguration;
			buildSettings = {
				ASSETCATALOG_COMPILER_APPICON_NAME = AppIcon;
				ASSETCATALOG_COMPILER_GLOBAL_ACCENT_COLOR_NAME = AccentColor;
				CODE_SIGN_ENTITLEMENTS = iOS/Tendr.entitlements;
				CODE_SIGN_IDENTITY = "Apple Development";
				CODE_SIGN_STYLE = Automatic;
				DEVELOPMENT_TEAM = M5MTT5YDN9;
				ENABLE_PREVIEWS = YES;
				INFOPLIST_FILE = iOS/Info.plist;
				IPHONEOS_DEPLOYMENT_TARGET = 14.0;
				LD_RUNPATH_SEARCH_PATHS = (
					"$(inherited)",
					"@executable_path/Frameworks",
				);
				PRODUCT_BUNDLE_IDENTIFIER = com.codingcouch.tendr;
				PRODUCT_NAME = Tendr;
				PROVISIONING_PROFILE_SPECIFIER = "";
				SDKROOT = iphoneos;
				SWIFT_VERSION = 5.0;
				TARGETED_DEVICE_FAMILY = "1,2";
			};
			name = Debug;
		};
		8421F10B25E022ED00B12D0B /* Release */ = {
			isa = XCBuildConfiguration;
			buildSettings = {
				ASSETCATALOG_COMPILER_APPICON_NAME = AppIcon;
				ASSETCATALOG_COMPILER_GLOBAL_ACCENT_COLOR_NAME = AccentColor;
				CODE_SIGN_ENTITLEMENTS = iOS/Tendr.entitlements;
				CODE_SIGN_IDENTITY = "Apple Development";
				CODE_SIGN_STYLE = Automatic;
				DEVELOPMENT_TEAM = M5MTT5YDN9;
				ENABLE_PREVIEWS = YES;
				INFOPLIST_FILE = iOS/Info.plist;
				IPHONEOS_DEPLOYMENT_TARGET = 14.0;
				LD_RUNPATH_SEARCH_PATHS = (
					"$(inherited)",
					"@executable_path/Frameworks",
				);
				PRODUCT_BUNDLE_IDENTIFIER = com.codingcouch.tendr;
				PRODUCT_NAME = Tendr;
				PROVISIONING_PROFILE_SPECIFIER = "";
				SDKROOT = iphoneos;
				SWIFT_VERSION = 5.0;
				TARGETED_DEVICE_FAMILY = "1,2";
				VALIDATE_PRODUCT = YES;
			};
			name = Release;
		};
		8421F10D25E022ED00B12D0B /* Debug */ = {
			isa = XCBuildConfiguration;
			buildSettings = {
				ASSETCATALOG_COMPILER_APPICON_NAME = AppIcon;
				ASSETCATALOG_COMPILER_GLOBAL_ACCENT_COLOR_NAME = AccentColor;
				CODE_SIGN_ENTITLEMENTS = macOS/macOS.entitlements;
				CODE_SIGN_STYLE = Automatic;
				COMBINE_HIDPI_IMAGES = YES;
				DEVELOPMENT_TEAM = M5MTT5YDN9;
				ENABLE_HARDENED_RUNTIME = YES;
				ENABLE_PREVIEWS = YES;
				INFOPLIST_FILE = macOS/Info.plist;
				LD_RUNPATH_SEARCH_PATHS = (
					"$(inherited)",
					"@executable_path/../Frameworks",
				);
				MACOSX_DEPLOYMENT_TARGET = 11.0;
				PRODUCT_BUNDLE_IDENTIFIER = com.codingcouch.tendr.mac;
				PRODUCT_NAME = Tendr;
				SDKROOT = macosx;
				SUPPORTED_PLATFORMS = macosx;
				SWIFT_VERSION = 5.0;
			};
			name = Debug;
		};
		8421F10E25E022ED00B12D0B /* Release */ = {
			isa = XCBuildConfiguration;
			buildSettings = {
				ASSETCATALOG_COMPILER_APPICON_NAME = AppIcon;
				ASSETCATALOG_COMPILER_GLOBAL_ACCENT_COLOR_NAME = AccentColor;
				CODE_SIGN_ENTITLEMENTS = macOS/macOS.entitlements;
				CODE_SIGN_STYLE = Automatic;
				COMBINE_HIDPI_IMAGES = YES;
				DEVELOPMENT_TEAM = M5MTT5YDN9;
				ENABLE_HARDENED_RUNTIME = YES;
				ENABLE_PREVIEWS = YES;
				INFOPLIST_FILE = macOS/Info.plist;
				LD_RUNPATH_SEARCH_PATHS = (
					"$(inherited)",
					"@executable_path/../Frameworks",
				);
				MACOSX_DEPLOYMENT_TARGET = 11.0;
				PRODUCT_BUNDLE_IDENTIFIER = com.codingcouch.tendr.mac;
				PRODUCT_NAME = Tendr;
				SDKROOT = macosx;
				SUPPORTED_PLATFORMS = macosx;
				SWIFT_VERSION = 5.0;
			};
			name = Release;
		};
		84EF275F25E0ADCF00061513 /* Debug */ = {
			isa = XCBuildConfiguration;
			buildSettings = {
				BUNDLE_LOADER = "$(TEST_HOST)";
				CODE_SIGN_STYLE = Automatic;
				DEVELOPMENT_TEAM = PSCPX4RU9V;
				INFOPLIST_FILE = "TendrTests (iOS)/Info.plist";
				IPHONEOS_DEPLOYMENT_TARGET = 14.4;
				LD_RUNPATH_SEARCH_PATHS = (
					"$(inherited)",
					"@executable_path/Frameworks",
					"@loader_path/Frameworks",
				);
				PRODUCT_BUNDLE_IDENTIFIER = "com.codingcouch.TendrTests--iOS-";
				PRODUCT_NAME = "$(TARGET_NAME)";
				SWIFT_VERSION = 5.0;
				TARGETED_DEVICE_FAMILY = "1,2";
				TEST_HOST = "$(BUILT_PRODUCTS_DIR)/Tendr.app/Tendr";
			};
			name = Debug;
		};
		84EF276025E0ADCF00061513 /* Release */ = {
			isa = XCBuildConfiguration;
			buildSettings = {
				BUNDLE_LOADER = "$(TEST_HOST)";
				CODE_SIGN_STYLE = Automatic;
				DEVELOPMENT_TEAM = PSCPX4RU9V;
				INFOPLIST_FILE = "TendrTests (iOS)/Info.plist";
				IPHONEOS_DEPLOYMENT_TARGET = 14.4;
				LD_RUNPATH_SEARCH_PATHS = (
					"$(inherited)",
					"@executable_path/Frameworks",
					"@loader_path/Frameworks",
				);
				PRODUCT_BUNDLE_IDENTIFIER = "com.codingcouch.TendrTests--iOS-";
				PRODUCT_NAME = "$(TARGET_NAME)";
				SWIFT_VERSION = 5.0;
				TARGETED_DEVICE_FAMILY = "1,2";
				TEST_HOST = "$(BUILT_PRODUCTS_DIR)/Tendr.app/Tendr";
				VALIDATE_PRODUCT = YES;
			};
			name = Release;
		};
/* End XCBuildConfiguration section */

/* Begin XCConfigurationList section */
		8421F0EC25E022EA00B12D0B /* Build configuration list for PBXProject "Tendr" */ = {
			isa = XCConfigurationList;
			buildConfigurations = (
				8421F10725E022ED00B12D0B /* Debug */,
				8421F10825E022ED00B12D0B /* Release */,
			);
			defaultConfigurationIsVisible = 0;
			defaultConfigurationName = Release;
		};
		8421F10925E022ED00B12D0B /* Build configuration list for PBXNativeTarget "Tendr (iOS)" */ = {
			isa = XCConfigurationList;
			buildConfigurations = (
				8421F10A25E022ED00B12D0B /* Debug */,
				8421F10B25E022ED00B12D0B /* Release */,
			);
			defaultConfigurationIsVisible = 0;
			defaultConfigurationName = Release;
		};
		8421F10C25E022ED00B12D0B /* Build configuration list for PBXNativeTarget "Tendr (macOS)" */ = {
			isa = XCConfigurationList;
			buildConfigurations = (
				8421F10D25E022ED00B12D0B /* Debug */,
				8421F10E25E022ED00B12D0B /* Release */,
			);
			defaultConfigurationIsVisible = 0;
			defaultConfigurationName = Release;
		};
		84EF275E25E0ADCF00061513 /* Build configuration list for PBXNativeTarget "TendrTests (iOS)" */ = {
			isa = XCConfigurationList;
			buildConfigurations = (
				84EF275F25E0ADCF00061513 /* Debug */,
				84EF276025E0ADCF00061513 /* Release */,
			);
			defaultConfigurationIsVisible = 0;
			defaultConfigurationName = Release;
		};
/* End XCConfigurationList section */
	};
	rootObject = 8421F0E925E022EA00B12D0B /* Project object */;
}
